// !$*UTF8*$!
{
	archiveVersion = 1;
	classes = {
	};
	objectVersion = 50;
	objects = {

/* Begin PBXBuildFile section */
		71B2457023FD4577003F266A /* Main.storyboard in Resources */ = {isa = PBXBuildFile; fileRef = 71B2456E23FD4577003F266A /* Main.storyboard */; };
		71B2457223FD4579003F266A /* Assets.xcassets in Resources */ = {isa = PBXBuildFile; fileRef = 71B2457123FD4579003F266A /* Assets.xcassets */; };
		71B2457523FD4579003F266A /* LaunchScreen.storyboard in Resources */ = {isa = PBXBuildFile; fileRef = 71B2457323FD4579003F266A /* LaunchScreen.storyboard */; };
		71B2458023FD5EB7003F266A /* ViewController.swift in Sources */ = {isa = PBXBuildFile; fileRef = 71B2456C23FD4577003F266A /* ViewController.swift */; };
		71B2458123FD5EBA003F266A /* AppDelegate.swift in Sources */ = {isa = PBXBuildFile; fileRef = 71B2456823FD4577003F266A /* AppDelegate.swift */; };
		71B2458223FD5EC0003F266A /* SceneDelegate.swift in Sources */ = {isa = PBXBuildFile; fileRef = 71B2456A23FD4577003F266A /* SceneDelegate.swift */; };
		71B2458523FD652F003F266A /* Question.swift in Sources */ = {isa = PBXBuildFile; fileRef = 71B2458423FD652F003F266A /* Question.swift */; };
/* End PBXBuildFile section */

/* Begin PBXFileReference section */
		71B2456523FD4577003F266A /* Quizzer.app */ = {isa = PBXFileReference; explicitFileType = wrapper.application; includeInIndex = 0; path = Quizzer.app; sourceTree = BUILT_PRODUCTS_DIR; };
		71B2456823FD4577003F266A /* AppDelegate.swift */ = {isa = PBXFileReference; lastKnownFileType = sourcecode.swift; path = AppDelegate.swift; sourceTree = "<group>"; };
		71B2456A23FD4577003F266A /* SceneDelegate.swift */ = {isa = PBXFileReference; lastKnownFileType = sourcecode.swift; path = SceneDelegate.swift; sourceTree = "<group>"; };
		71B2456C23FD4577003F266A /* ViewController.swift */ = {isa = PBXFileReference; lastKnownFileType = sourcecode.swift; path = ViewController.swift; sourceTree = "<group>"; };
		71B2456F23FD4577003F266A /* Base */ = {isa = PBXFileReference; lastKnownFileType = file.storyboard; name = Base; path = Base.lproj/Main.storyboard; sourceTree = "<group>"; };
		71B2457123FD4579003F266A /* Assets.xcassets */ = {isa = PBXFileReference; lastKnownFileType = folder.assetcatalog; path = Assets.xcassets; sourceTree = "<group>"; };
		71B2457423FD4579003F266A /* Base */ = {isa = PBXFileReference; lastKnownFileType = file.storyboard; name = Base; path = Base.lproj/LaunchScreen.storyboard; sourceTree = "<group>"; };
		71B2457623FD4579003F266A /* Info.plist */ = {isa = PBXFileReference; lastKnownFileType = text.plist.xml; path = Info.plist; sourceTree = "<group>"; };
		71B2458423FD652F003F266A /* Question.swift */ = {isa = PBXFileReference; lastKnownFileType = sourcecode.swift; path = Question.swift; sourceTree = "<group>"; };
/* End PBXFileReference section */

/* Begin PBXFrameworksBuildPhase section */
		71B2456223FD4577003F266A /* Frameworks */ = {
			isa = PBXFrameworksBuildPhase;
			buildActionMask = 2147483647;
			files = (
			);
			runOnlyForDeploymentPostprocessing = 0;
		};
/* End PBXFrameworksBuildPhase section */

/* Begin PBXGroup section */
		71B2455C23FD4576003F266A = {
			isa = PBXGroup;
			children = (
				71B2456723FD4577003F266A /* Quizzer */,
				71B2456623FD4577003F266A /* Products */,
			);
			sourceTree = "<group>";
		};
		71B2456623FD4577003F266A /* Products */ = {
			isa = PBXGroup;
			children = (
				71B2456523FD4577003F266A /* Quizzer.app */,
			);
			name = Products;
			sourceTree = "<group>";
		};
		71B2456723FD4577003F266A /* Quizzer */ = {
			isa = PBXGroup;
			children = (
				71B2458323FD64F3003F266A /* Model */,
				71B2457E23FD46DC003F266A /* Suporting Files */,
				71B2457D23FD46C4003F266A /* View */,
				71B2457C23FD4680003F266A /* Controller */,
				71B2456A23FD4577003F266A /* SceneDelegate.swift */,
			);
			path = Quizzer;
			sourceTree = "<group>";
		};
		71B2457C23FD4680003F266A /* Controller */ = {
			isa = PBXGroup;
			children = (
				71B2456823FD4577003F266A /* AppDelegate.swift */,
				71B2456C23FD4577003F266A /* ViewController.swift */,
			);
			path = Controller;
			sourceTree = "<group>";
		};
		71B2457D23FD46C4003F266A /* View */ = {
			isa = PBXGroup;
			children = (
				71B2457123FD4579003F266A /* Assets.xcassets */,
				71B2456E23FD4577003F266A /* Main.storyboard */,
			);
			path = View;
			sourceTree = "<group>";
		};
		71B2457E23FD46DC003F266A /* Suporting Files */ = {
			isa = PBXGroup;
			children = (
				71B2457623FD4579003F266A /* Info.plist */,
				71B2457323FD4579003F266A /* LaunchScreen.storyboard */,
			);
			path = "Suporting Files";
			sourceTree = "<group>";
		};
		71B2458323FD64F3003F266A /* Model */ = {
			isa = PBXGroup;
			children = (
				71B2458423FD652F003F266A /* Question.swift */,
			);
			path = Model;
			sourceTree = "<group>";
		};
/* End PBXGroup section */

/* Begin PBXNativeTarget section */
		71B2456423FD4577003F266A /* Quizzer */ = {
			isa = PBXNativeTarget;
			buildConfigurationList = 71B2457923FD4579003F266A /* Build configuration list for PBXNativeTarget "Quizzer" */;
			buildPhases = (
				71B2456123FD4577003F266A /* Sources */,
				71B2456223FD4577003F266A /* Frameworks */,
				71B2456323FD4577003F266A /* Resources */,
			);
			buildRules = (
			);
			dependencies = (
			);
			name = Quizzer;
			productName = Quizzer;
			productReference = 71B2456523FD4577003F266A /* Quizzer.app */;
			productType = "com.apple.product-type.application";
		};
/* End PBXNativeTarget section */

/* Begin PBXProject section */
		71B2455D23FD4576003F266A /* Project object */ = {
			isa = PBXProject;
			attributes = {
				LastSwiftUpdateCheck = 1130;
				LastUpgradeCheck = 1130;
				ORGANIZATIONNAME = "ERNEST MURIUKI";
				TargetAttributes = {
					71B2456423FD4577003F266A = {
						CreatedOnToolsVersion = 11.3.1;
					};
				};
			};
			buildConfigurationList = 71B2456023FD4576003F266A /* Build configuration list for PBXProject "Quizzer" */;
			compatibilityVersion = "Xcode 9.3";
			developmentRegion = en;
			hasScannedForEncodings = 0;
			knownRegions = (
				en,
				Base,
			);
			mainGroup = 71B2455C23FD4576003F266A;
			productRefGroup = 71B2456623FD4577003F266A /* Products */;
			projectDirPath = "";
			projectRoot = "";
			targets = (
				71B2456423FD4577003F266A /* Quizzer */,
			);
		};
/* End PBXProject section */

/* Begin PBXResourcesBuildPhase section */
		71B2456323FD4577003F266A /* Resources */ = {
			isa = PBXResourcesBuildPhase;
			buildActionMask = 2147483647;
			files = (
				71B2457523FD4579003F266A /* LaunchScreen.storyboard in Resources */,
				71B2457223FD4579003F266A /* Assets.xcassets in Resources */,
				71B2457023FD4577003F266A /* Main.storyboard in Resources */,
			);
			runOnlyForDeploymentPostprocessing = 0;
		};
/* End PBXResourcesBuildPhase section */

/* Begin PBXSourcesBuildPhase section */
		71B2456123FD4577003F266A /* Sources */ = {
			isa = PBXSourcesBuildPhase;
			buildActionMask = 2147483647;
			files = (
				71B2458223FD5EC0003F266A /* SceneDelegate.swift in Sources */,
				71B2458523FD652F003F266A /* Question.swift in Sources */,
				71B2458123FD5EBA003F266A /* AppDelegate.swift in Sources */,
				71B2458023FD5EB7003F266A /* ViewController.swift in Sources */,
			);
			runOnlyForDeploymentPostprocessing = 0;
		};
/* End PBXSourcesBuildPhase section */

/* Begin PBXVariantGroup section */
		71B2456E23FD4577003F266A /* Main.storyboard */ = {
			isa = PBXVariantGroup;
			children = (
				71B2456F23FD4577003F266A /* Base */,
			);
			name = Main.storyboard;
			sourceTree = "<group>";
		};
		71B2457323FD4579003F266A /* LaunchScreen.storyboard */ = {
			isa = PBXVariantGroup;
			children = (
				71B2457423FD4579003F266A /* Base */,
			);
			name = LaunchScreen.storyboard;
			sourceTree = "<group>";
		};
/* End PBXVariantGroup section */

/* Begin XCBuildConfiguration section */
		71B2457723FD4579003F266A /* Debug */ = {
			isa = XCBuildConfiguration;
			buildSettings = {
				ALWAYS_SEARCH_USER_PATHS = NO;
				CLANG_ANALYZER_NONNULL = YES;
				CLANG_ANALYZER_NUMBER_OBJECT_CONVERSION = YES_AGGRESSIVE;
				CLANG_CXX_LANGUAGE_STANDARD = "gnu++14";
				CLANG_CXX_LIBRARY = "libc++";
				CLANG_ENABLE_MODULES = YES;
				CLANG_ENABLE_OBJC_ARC = YES;
				CLANG_ENABLE_OBJC_WEAK = YES;
				CLANG_WARN_BLOCK_CAPTURE_AUTORELEASING = YES;
				CLANG_WARN_BOOL_CONVERSION = YES;
				CLANG_WARN_COMMA = YES;
				CLANG_WARN_CONSTANT_CONVERSION = YES;
				CLANG_WARN_DEPRECATED_OBJC_IMPLEMENTATIONS = YES;
				CLANG_WARN_DIRECT_OBJC_ISA_USAGE = YES_ERROR;
				CLANG_WARN_DOCUMENTATION_COMMENTS = YES;
				CLANG_WARN_EMPTY_BODY = YES;
				CLANG_WARN_ENUM_CONVERSION = YES;
				CLANG_WARN_INFINITE_RECURSION = YES;
				CLANG_WARN_INT_CONVERSION = YES;
				CLANG_WARN_NON_LITERAL_NULL_CONVERSION = YES;
				CLANG_WARN_OBJC_IMPLICIT_RETAIN_SELF = YES;
				CLANG_WARN_OBJC_LITERAL_CONVERSION = YES;
				CLANG_WARN_OBJC_ROOT_CLASS = YES_ERROR;
				CLANG_WARN_RANGE_LOOP_ANALYSIS = YES;
				CLANG_WARN_STRICT_PROTOTYPES = YES;
				CLANG_WARN_SUSPICIOUS_MOVE = YES;
				CLANG_WARN_UNGUARDED_AVAILABILITY = YES_AGGRESSIVE;
				CLANG_WARN_UNREACHABLE_CODE = YES;
				CLANG_WARN__DUPLICATE_METHOD_MATCH = YES;
				COPY_PHASE_STRIP = NO;
				DEBUG_INFORMATION_FORMAT = dwarf;
				ENABLE_STRICT_OBJC_MSGSEND = YES;
				ENABLE_TESTABILITY = YES;
				GCC_C_LANGUAGE_STANDARD = gnu11;
				GCC_DYNAMIC_NO_PIC = NO;
				GCC_NO_COMMON_BLOCKS = YES;
				GCC_OPTIMIZATION_LEVEL = 0;
				GCC_PREPROCESSOR_DEFINITIONS = (
					"DEBUG=1",
					"$(inherited)",
				);
				GCC_WARN_64_TO_32_BIT_CONVERSION = YES;
				GCC_WARN_ABOUT_RETURN_TYPE = YES_ERROR;
				GCC_WARN_UNDECLARED_SELECTOR = YES;
				GCC_WARN_UNINITIALIZED_AUTOS = YES_AGGRESSIVE;
				GCC_WARN_UNUSED_FUNCTION = YES;
				GCC_WARN_UNUSED_VARIABLE = YES;
				IPHONEOS_DEPLOYMENT_TARGET = 13.2;
				MTL_ENABLE_DEBUG_INFO = INCLUDE_SOURCE;
				MTL_FAST_MATH = YES;
				ONLY_ACTIVE_ARCH = YES;
				SDKROOT = iphoneos;
				SWIFT_ACTIVE_COMPILATION_CONDITIONS = DEBUG;
				SWIFT_OPTIMIZATION_LEVEL = "-Onone";
			};
			name = Debug;
		};
		71B2457823FD4579003F266A /* Release */ = {
			isa = XCBuildConfiguration;
			buildSettings = {
				ALWAYS_SEARCH_USER_PATHS = NO;
				CLANG_ANALYZER_NONNULL = YES;
				CLANG_ANALYZER_NUMBER_OBJECT_CONVERSION = YES_AGGRESSIVE;
				CLANG_CXX_LANGUAGE_STANDARD = "gnu++14";
				CLANG_CXX_LIBRARY = "libc++";
				CLANG_ENABLE_MODULES = YES;
				CLANG_ENABLE_OBJC_ARC = YES;
				CLANG_ENABLE_OBJC_WEAK = YES;
				CLANG_WARN_BLOCK_CAPTURE_AUTORELEASING = YES;
				CLANG_WARN_BOOL_CONVERSION = YES;
				CLANG_WARN_COMMA = YES;
				CLANG_WARN_CONSTANT_CONVERSION = YES;
				CLANG_WARN_DEPRECATED_OBJC_IMPLEMENTATIONS = YES;
				CLANG_WARN_DIRECT_OBJC_ISA_USAGE = YES_ERROR;
				CLANG_WARN_DOCUMENTATION_COMMENTS = YES;
				CLANG_WARN_EMPTY_BODY = YES;
				CLANG_WARN_ENUM_CONVERSION = YES;
				CLANG_WARN_INFINITE_RECURSION = YES;
				CLANG_WARN_INT_CONVERSION = YES;
				CLANG_WARN_NON_LITERAL_NULL_CONVERSION = YES;
				CLANG_WARN_OBJC_IMPLICIT_RETAIN_SELF = YES;
				CLANG_WARN_OBJC_LITERAL_CONVERSION = YES;
				CLANG_WARN_OBJC_ROOT_CLASS = YES_ERROR;
				CLANG_WARN_RANGE_LOOP_ANALYSIS = YES;
				CLANG_WARN_STRICT_PROTOTYPES = YES;
				CLANG_WARN_SUSPICIOUS_MOVE = YES;
				CLANG_WARN_UNGUARDED_AVAILABILITY = YES_AGGRESSIVE;
				CLANG_WARN_UNREACHABLE_CODE = YES;
				CLANG_WARN__DUPLICATE_METHOD_MATCH = YES;
				COPY_PHASE_STRIP = NO;
				DEBUG_INFORMATION_FORMAT = "dwarf-with-dsym";
				ENABLE_NS_ASSERTIONS = NO;
				ENABLE_STRICT_OBJC_MSGSEND = YES;
				GCC_C_LANGUAGE_STANDARD = gnu11;
				GCC_NO_COMMON_BLOCKS = YES;
				GCC_WARN_64_TO_32_BIT_CONVERSION = YES;
				GCC_WARN_ABOUT_RETURN_TYPE = YES_ERROR;
				GCC_WARN_UNDECLARED_SELECTOR = YES;
				GCC_WARN_UNINITIALIZED_AUTOS = YES_AGGRESSIVE;
				GCC_WARN_UNUSED_FUNCTION = YES;
				GCC_WARN_UNUSED_VARIABLE = YES;
				IPHONEOS_DEPLOYMENT_TARGET = 13.2;
				MTL_ENABLE_DEBUG_INFO = NO;
				MTL_FAST_MATH = YES;
				SDKROOT = iphoneos;
				SWIFT_COMPILATION_MODE = wholemodule;
				SWIFT_OPTIMIZATION_LEVEL = "-O";
				VALIDATE_PRODUCT = YES;
			};
			name = Release;
		};
		71B2457A23FD4579003F266A /* Debug */ = {
			isa = XCBuildConfiguration;
			buildSettings = {
				ASSETCATALOG_COMPILER_APPICON_NAME = AppIcon;
				CODE_SIGN_STYLE = Automatic;
				DEVELOPMENT_TEAM = H7NFHG83A7;
				INFOPLIST_FILE = "$(SRCROOT)/Quizzer/Suporting Files/Info.plist";
				LD_RUNPATH_SEARCH_PATHS = (
					"$(inherited)",
					"@executable_path/Frameworks",
				);
				PRODUCT_BUNDLE_IDENTIFIER = com.ernest.ios.developer.Quizzer;
				PRODUCT_NAME = "$(TARGET_NAME)";
				SWIFT_VERSION = 5.0;
				TARGETED_DEVICE_FAMILY = 1;
			};
			name = Debug;
		};
		71B2457B23FD4579003F266A /* Release */ = {
			isa = XCBuildConfiguration;
			buildSettings = {
				ASSETCATALOG_COMPILER_APPICON_NAME = AppIcon;
				CODE_SIGN_STYLE = Automatic;
				DEVELOPMENT_TEAM = H7NFHG83A7;
				INFOPLIST_FILE = "$(SRCROOT)/Quizzer/Suporting Files/Info.plist";
				LD_RUNPATH_SEARCH_PATHS = (
					"$(inherited)",
					"@executable_path/Frameworks",
				);
				PRODUCT_BUNDLE_IDENTIFIER = com.ernest.ios.developer.Quizzer;
				PRODUCT_NAME = "$(TARGET_NAME)";
				SWIFT_VERSION = 5.0;
				TARGETED_DEVICE_FAMILY = 1;
			};
			name = Release;
		};
/* End XCBuildConfiguration section */

/* Begin XCConfigurationList section */
		71B2456023FD4576003F266A /* Build configuration list for PBXProject "Quizzer" */ = {
			isa = XCConfigurationList;
			buildConfigurations = (
				71B2457723FD4579003F266A /* Debug */,
				71B2457823FD4579003F266A /* Release */,
			);
			defaultConfigurationIsVisible = 0;
			defaultConfigurationName = Release;
		};
		71B2457923FD4579003F266A /* Build configuration list for PBXNativeTarget "Quizzer" */ = {
			isa = XCConfigurationList;
			buildConfigurations = (
				71B2457A23FD4579003F266A /* Debug */,
				71B2457B23FD4579003F266A /* Release */,
			);
			defaultConfigurationIsVisible = 0;
			defaultConfigurationName = Release;
		};
/* End XCConfigurationList section */
	};
	rootObject = 71B2455D23FD4576003F266A /* Project object */;
}
